
Microsoft Visual Studio Solution File, Format Version 12.00
# Visual Studio Version 16
VisualStudioVersion = 16.0.28803.352
MinimumVisualStudioVersion = 10.0.40219.1
Project("{FAE04EC0-301F-11D3-BF4B-00C04F79EFBC}") = "Api_2", "Api_2\Api_2.csproj", "{D1FA3682-638A-4807-9BDB-EB7F39A6C5DE}"
EndProject
Global
	GlobalSection(SolutionConfigurationPlatforms) = preSolution
		Debug|Any CPU = Debug|Any CPU
		Release|Any CPU = Release|Any CPU
	EndGlobalSection
	GlobalSection(ProjectConfigurationPlatforms) = postSolution
		{D1FA3682-638A-4807-9BDB-EB7F39A6C5DE}.Debug|Any CPU.ActiveCfg = Debug|Any CPU
		{D1FA3682-638A-4807-9BDB-EB7F39A6C5DE}.Debug|Any CPU.Build.0 = Debug|Any CPU
		{D1FA3682-638A-4807-9BDB-EB7F39A6C5DE}.Release|Any CPU.ActiveCfg = Release|Any CPU
		{D1FA3682-638A-4807-9BDB-EB7F39A6C5DE}.Release|Any CPU.Build.0 = Release|Any CPU
	EndGlobalSection
	GlobalSection(SolutionProperties) = preSolution
		HideSolutionNode = FALSE
	EndGlobalSection
	GlobalSection(ExtensibilityGlobals) = postSolution
		SolutionGuid = {33C1CC8F-FB61-4C46-A9C7-376E2B92C7C5}
	EndGlobalSection
EndGlobal
